
Microsoft Visual Studio Solution File, Format Version 12.00
# Visual Studio 15
VisualStudioVersion = 15.0.28307.1000
MinimumVisualStudioVersion = 10.0.40219.1
Project("{FAE04EC0-301F-11D3-BF4B-00C04F79EFBC}") = "text 3", "text 3\text 3.csproj", "{B12EB28B-F6BC-4378-B158-790F4B6DCCA0}"
EndProject
Global
	GlobalSection(SolutionConfigurationPlatforms) = preSolution
		Debug|Any CPU = Debug|Any CPU
		Release|Any CPU = Release|Any CPU
	EndGlobalSection
	GlobalSection(ProjectConfigurationPlatforms) = postSolution
		{B12EB28B-F6BC-4378-B158-790F4B6DCCA0}.Debug|Any CPU.ActiveCfg = Debug|Any CPU
		{B12EB28B-F6BC-4378-B158-790F4B6DCCA0}.Debug|Any CPU.Build.0 = Debug|Any CPU
		{B12EB28B-F6BC-4378-B158-790F4B6DCCA0}.Release|Any CPU.ActiveCfg = Release|Any CPU
		{B12EB28B-F6BC-4378-B158-790F4B6DCCA0}.Release|Any CPU.Build.0 = Release|Any CPU
	EndGlobalSection
	GlobalSection(SolutionProperties) = preSolution
		HideSolutionNode = FALSE
	EndGlobalSection
	GlobalSection(ExtensibilityGlobals) = postSolution
		SolutionGuid = {CEB19D05-4CB7-4CB4-BF18-4F3BCC976FF8}
	EndGlobalSection
EndGlobal
